
Microsoft Visual Studio Solution File, Format Version 12.00
# Visual Studio Version 17
VisualStudioVersion = 17.5.002.0
MinimumVisualStudioVersion = 10.0.40219.1
Project("{9A19103F-16F7-4668-BE54-9A1E7A4F7556}") = "MvcTAN", "MvcTAN\MvcTAN.csproj", "{D6601CF4-41C8-4A52-BB5A-6593ABD7C2EB}"
EndProject
Project("{2150E333-8FDC-42A3-9474-1A3956D46DE8}") = "html", "html", "{8CF17129-6468-4268-AFCE-FCF7839C87D0}"
EndProject
Project("{9A19103F-16F7-4668-BE54-9A1E7A4F7556}") = "NewProject", "html\ProjectMVC\NewProject.csproj", "{41F1EC80-79F9-4AA0-8C37-8E71C5398D3D}"
EndProject
Global
	GlobalSection(SolutionConfigurationPlatforms) = preSolution
		Debug|Any CPU = Debug|Any CPU
		Release|Any CPU = Release|Any CPU
	EndGlobalSection
	GlobalSection(ProjectConfigurationPlatforms) = postSolution
		{D6601CF4-41C8-4A52-BB5A-6593ABD7C2EB}.Debug|Any CPU.ActiveCfg = Debug|Any CPU
		{D6601CF4-41C8-4A52-BB5A-6593ABD7C2EB}.Debug|Any CPU.Build.0 = Debug|Any CPU
		{D6601CF4-41C8-4A52-BB5A-6593ABD7C2EB}.Release|Any CPU.ActiveCfg = Release|Any CPU
		{D6601CF4-41C8-4A52-BB5A-6593ABD7C2EB}.Release|Any CPU.Build.0 = Release|Any CPU
		{41F1EC80-79F9-4AA0-8C37-8E71C5398D3D}.Debug|Any CPU.ActiveCfg = Debug|Any CPU
		{41F1EC80-79F9-4AA0-8C37-8E71C5398D3D}.Debug|Any CPU.Build.0 = Debug|Any CPU
		{41F1EC80-79F9-4AA0-8C37-8E71C5398D3D}.Release|Any CPU.ActiveCfg = Release|Any CPU
		{41F1EC80-79F9-4AA0-8C37-8E71C5398D3D}.Release|Any CPU.Build.0 = Release|Any CPU
	EndGlobalSection
	GlobalSection(SolutionProperties) = preSolution
		HideSolutionNode = FALSE
	EndGlobalSection
	GlobalSection(NestedProjects) = preSolution
		{41F1EC80-79F9-4AA0-8C37-8E71C5398D3D} = {8CF17129-6468-4268-AFCE-FCF7839C87D0}
	EndGlobalSection
	GlobalSection(ExtensibilityGlobals) = postSolution
		SolutionGuid = {0F7DC92F-8A84-40DA-BCF4-6F01BEB8BFA1}
	EndGlobalSection
EndGlobal
